
Microsoft Visual Studio Solution File, Format Version 12.00
# Visual Studio Version 17
VisualStudioVersion = 17.14.36603.0 d17.14
MinimumVisualStudioVersion = 10.0.40219.1
Project("{FAE04EC0-301F-11D3-BF4B-00C04F79EFBC}") = "Practice5", "Practice5\Practice5.csproj", "{9B0AC868-3502-4EA6-86F8-AB089A2AC4EE}"
EndProject
Global
	GlobalSection(SolutionConfigurationPlatforms) = preSolution
		Debug|Any CPU = Debug|Any CPU
		Release|Any CPU = Release|Any CPU
	EndGlobalSection
	GlobalSection(ProjectConfigurationPlatforms) = postSolution
		{9B0AC868-3502-4EA6-86F8-AB089A2AC4EE}.Debug|Any CPU.ActiveCfg = Debug|Any CPU
		{9B0AC868-3502-4EA6-86F8-AB089A2AC4EE}.Debug|Any CPU.Build.0 = Debug|Any CPU
		{9B0AC868-3502-4EA6-86F8-AB089A2AC4EE}.Release|Any CPU.ActiveCfg = Release|Any CPU
		{9B0AC868-3502-4EA6-86F8-AB089A2AC4EE}.Release|Any CPU.Build.0 = Release|Any CPU
	EndGlobalSection
	GlobalSection(SolutionProperties) = preSolution
		HideSolutionNode = FALSE
	EndGlobalSection
	GlobalSection(ExtensibilityGlobals) = postSolution
		SolutionGuid = {5B742C23-103E-45F2-9E05-97BBCEAFEFBA}
	EndGlobalSection
EndGlobal
